Microsoft Visual Studio Solution File, Format Version 12.00
# Visual Studio Version 17
VisualStudioVersion = 17.5.2.0
MinimumVisualStudioVersion = 10.0.40219.1
Project("{FAE04EC0-301F-11D3-BF4B-00C04F79EFBC}") = "OrchProvider", "OrchProvider.csproj", "{278415DF-F8D9-7947-B602-71256349F1FA}"
EndProject
Global
	GlobalSection(SolutionConfigurationPlatforms) = preSolution
		Debug|Any CPU = Debug|Any CPU
		Release|Any CPU = Release|Any CPU
	EndGlobalSection
	GlobalSection(ProjectConfigurationPlatforms) = postSolution
		{278415DF-F8D9-7947-B602-71256349F1FA}.Debug|Any CPU.ActiveCfg = Debug|Any CPU
		{278415DF-F8D9-7947-B602-71256349F1FA}.Debug|Any CPU.Build.0 = Debug|Any CPU
		{278415DF-F8D9-7947-B602-71256349F1FA}.Release|Any CPU.ActiveCfg = Release|Any CPU
		{278415DF-F8D9-7947-B602-71256349F1FA}.Release|Any CPU.Build.0 = Release|Any CPU
	EndGlobalSection
	GlobalSection(SolutionProperties) = preSolution
		HideSolutionNode = FALSE
	EndGlobalSection
	GlobalSection(ExtensibilityGlobals) = postSolution
		SolutionGuid = {47929543-C85B-4097-97A0-140B8C7F7534}
	EndGlobalSection
EndGlobal
